
Microsoft Visual Studio Solution File, Format Version 12.00
# Visual Studio 15
VisualStudioVersion = 15.0.28307.329
MinimumVisualStudioVersion = 10.0.40219.1
Project("{8BC9CEB8-8B4A-11D0-8D11-00A0C91BC942}") = "p3 - Dynamic Memory Allocation", "p3 - Dynamic Memory Allocation.vcxproj", "{8DC05777-BA7E-471D-B87A-557D6135DBB5}"
EndProject
Global
	GlobalSection(SolutionConfigurationPlatforms) = preSolution
		Debug|x64 = Debug|x64
		Debug|x86 = Debug|x86
		Release|x64 = Release|x64
		Release|x86 = Release|x86
	EndGlobalSection
	GlobalSection(ProjectConfigurationPlatforms) = postSolution
		{8DC05777-BA7E-471D-B87A-557D6135DBB5}.Debug|x64.ActiveCfg = Debug|x64
		{8DC05777-BA7E-471D-B87A-557D6135DBB5}.Debug|x64.Build.0 = Debug|x64
		{8DC05777-BA7E-471D-B87A-557D6135DBB5}.Debug|x86.ActiveCfg = Debug|Win32
		{8DC05777-BA7E-471D-B87A-557D6135DBB5}.Debug|x86.Build.0 = Debug|Win32
		{8DC05777-BA7E-471D-B87A-557D6135DBB5}.Release|x64.ActiveCfg = Release|x64
		{8DC05777-BA7E-471D-B87A-557D6135DBB5}.Release|x64.Build.0 = Release|x64
		{8DC05777-BA7E-471D-B87A-557D6135DBB5}.Release|x86.ActiveCfg = Release|Win32
		{8DC05777-BA7E-471D-B87A-557D6135DBB5}.Release|x86.Build.0 = Release|Win32
	EndGlobalSection
	GlobalSection(SolutionProperties) = preSolution
		HideSolutionNode = FALSE
	EndGlobalSection
	GlobalSection(ExtensibilityGlobals) = postSolution
		SolutionGuid = {63F5A62C-9A21-44DF-9EC5-5DE396C7D1C8}
	EndGlobalSection
EndGlobal
